
Microsoft Visual Studio Solution File, Format Version 12.00
# Visual Studio Version 17
VisualStudioVersion = 17.7.34202.233
MinimumVisualStudioVersion = 10.0.40219.1
Project("{9A19103F-16F7-4668-BE54-9A1E7A4F7556}") = "Client", "HomeW3\Client.csproj", "{C2BDDB13-FBBF-44A6-8EF2-6E0C03B58C73}"
EndProject
Global
	GlobalSection(SolutionConfigurationPlatforms) = preSolution
		Debug|Any CPU = Debug|Any CPU
		Release|Any CPU = Release|Any CPU
	EndGlobalSection
	GlobalSection(ProjectConfigurationPlatforms) = postSolution
		{C2BDDB13-FBBF-44A6-8EF2-6E0C03B58C73}.Debug|Any CPU.ActiveCfg = Debug|Any CPU
		{C2BDDB13-FBBF-44A6-8EF2-6E0C03B58C73}.Debug|Any CPU.Build.0 = Debug|Any CPU
		{C2BDDB13-FBBF-44A6-8EF2-6E0C03B58C73}.Release|Any CPU.ActiveCfg = Release|Any CPU
		{C2BDDB13-FBBF-44A6-8EF2-6E0C03B58C73}.Release|Any CPU.Build.0 = Release|Any CPU
	EndGlobalSection
	GlobalSection(SolutionProperties) = preSolution
		HideSolutionNode = FALSE
	EndGlobalSection
	GlobalSection(ExtensibilityGlobals) = postSolution
		SolutionGuid = {E314D1B6-D5A3-4698-B98B-7DD40BF96D81}
	EndGlobalSection
EndGlobal
